// !$*UTF8*$!
{
	archiveVersion = 1;
	classes = {
	};
	objectVersion = 50;
	objects = {

/* Begin PBXBuildFile section */
		355CFDE8225904F100BB081A /* AppDelegate.m in Sources */ = {isa = PBXBuildFile; fileRef = 355CFDE7225904F100BB081A /* AppDelegate.m */; };
		355CFDEB225904F100BB081A /* ViewController.m in Sources */ = {isa = PBXBuildFile; fileRef = 355CFDEA225904F100BB081A /* ViewController.m */; };
		355CFDEE225904F100BB081A /* Main.storyboard in Resources */ = {isa = PBXBuildFile; fileRef = 355CFDEC225904F100BB081A /* Main.storyboard */; };
		355CFDF0225904F200BB081A /* Assets.xcassets in Resources */ = {isa = PBXBuildFile; fileRef = 355CFDEF225904F200BB081A /* Assets.xcassets */; };
		355CFDF3225904F200BB081A /* LaunchScreen.storyboard in Resources */ = {isa = PBXBuildFile; fileRef = 355CFDF1225904F200BB081A /* LaunchScreen.storyboard */; };
		355CFDF6225904F200BB081A /* main.m in Sources */ = {isa = PBXBuildFile; fileRef = 355CFDF5225904F200BB081A /* main.m */; };
		355CFE00225904F200BB081A /* MessageDispatchTests.m in Sources */ = {isa = PBXBuildFile; fileRef = 355CFDFF225904F200BB081A /* MessageDispatchTests.m */; };
		355CFE0B225904F200BB081A /* MessageDispatchUITests.m in Sources */ = {isa = PBXBuildFile; fileRef = 355CFE0A225904F200BB081A /* MessageDispatchUITests.m */; };
		355CFE1A2259054100BB081A /* Person.m in Sources */ = {isa = PBXBuildFile; fileRef = 355CFE192259054100BB081A /* Person.m */; };
/* End PBXBuildFile section */

/* Begin PBXContainerItemProxy section */
		355CFDFC225904F200BB081A /* PBXContainerItemProxy */ = {
			isa = PBXContainerItemProxy;
			containerPortal = 355CFDDB225904F100BB081A /* Project object */;
			proxyType = 1;
			remoteGlobalIDString = 355CFDE2225904F100BB081A;
			remoteInfo = MessageDispatch;
		};
		355CFE07225904F200BB081A /* PBXContainerItemProxy */ = {
			isa = PBXContainerItemProxy;
			containerPortal = 355CFDDB225904F100BB081A /* Project object */;
			proxyType = 1;
			remoteGlobalIDString = 355CFDE2225904F100BB081A;
			remoteInfo = MessageDispatch;
		};
/* End PBXContainerItemProxy section */

/* Begin PBXFileReference section */
		355CFDE3225904F100BB081A /* MessageDispatch.app */ = {isa = PBXFileReference; explicitFileType = wrapper.application; includeInIndex = 0; path = MessageDispatch.app; sourceTree = BUILT_PRODUCTS_DIR; };
		355CFDE6225904F100BB081A /* AppDelegate.h */ = {isa = PBXFileReference; lastKnownFileType = sourcecode.c.h; path = AppDelegate.h; sourceTree = "<group>"; };
		355CFDE7225904F100BB081A /* AppDelegate.m */ = {isa = PBXFileReference; lastKnownFileType = sourcecode.c.objc; path = AppDelegate.m; sourceTree = "<group>"; };
		355CFDE9225904F100BB081A /* ViewController.h */ = {isa = PBXFileReference; lastKnownFileType = sourcecode.c.h; path = ViewController.h; sourceTree = "<group>"; };
		355CFDEA225904F100BB081A /* ViewController.m */ = {isa = PBXFileReference; lastKnownFileType = sourcecode.c.objc; path = ViewController.m; sourceTree = "<group>"; };
		355CFDED225904F100BB081A /* Base */ = {isa = PBXFileReference; lastKnownFileType = file.storyboard; name = Base; path = Base.lproj/Main.storyboard; sourceTree = "<group>"; };
		355CFDEF225904F200BB081A /* Assets.xcassets */ = {isa = PBXFileReference; lastKnownFileType = folder.assetcatalog; path = Assets.xcassets; sourceTree = "<group>"; };
		355CFDF2225904F200BB081A /* Base */ = {isa = PBXFileReference; lastKnownFileType = file.storyboard; name = Base; path = Base.lproj/LaunchScreen.storyboard; sourceTree = "<group>"; };
		355CFDF4225904F200BB081A /* Info.plist */ = {isa = PBXFileReference; lastKnownFileType = text.plist.xml; path = Info.plist; sourceTree = "<group>"; };
		355CFDF5225904F200BB081A /* main.m */ = {isa = PBXFileReference; lastKnownFileType = sourcecode.c.objc; path = main.m; sourceTree = "<group>"; };
		355CFDFB225904F200BB081A /* MessageDispatchTests.xctest */ = {isa = PBXFileReference; explicitFileType = wrapper.cfbundle; includeInIndex = 0; path = MessageDispatchTests.xctest; sourceTree = BUILT_PRODUCTS_DIR; };
		355CFDFF225904F200BB081A /* MessageDispatchTests.m */ = {isa = PBXFileReference; lastKnownFileType = sourcecode.c.objc; path = MessageDispatchTests.m; sourceTree = "<group>"; };
		355CFE01225904F200BB081A /* Info.plist */ = {isa = PBXFileReference; lastKnownFileType = text.plist.xml; path = Info.plist; sourceTree = "<group>"; };
		355CFE06225904F200BB081A /* MessageDispatchUITests.xctest */ = {isa = PBXFileReference; explicitFileType = wrapper.cfbundle; includeInIndex = 0; path = MessageDispatchUITests.xctest; sourceTree = BUILT_PRODUCTS_DIR; };
		355CFE0A225904F200BB081A /* MessageDispatchUITests.m */ = {isa = PBXFileReference; lastKnownFileType = sourcecode.c.objc; path = MessageDispatchUITests.m; sourceTree = "<group>"; };
		355CFE0C225904F200BB081A /* Info.plist */ = {isa = PBXFileReference; lastKnownFileType = text.plist.xml; path = Info.plist; sourceTree = "<group>"; };
		355CFE182259054100BB081A /* Person.h */ = {isa = PBXFileReference; lastKnownFileType = sourcecode.c.h; path = Person.h; sourceTree = "<group>"; };
		355CFE192259054100BB081A /* Person.m */ = {isa = PBXFileReference; lastKnownFileType = sourcecode.c.objc; path = Person.m; sourceTree = "<group>"; };
/* End PBXFileReference section */

/* Begin PBXFrameworksBuildPhase section */
		355CFDE0225904F100BB081A /* Frameworks */ = {
			isa = PBXFrameworksBuildPhase;
			buildActionMask = 2147483647;
			files = (
			);
			runOnlyForDeploymentPostprocessing = 0;
		};
		355CFDF8225904F200BB081A /* Frameworks */ = {
			isa = PBXFrameworksBuildPhase;
			buildActionMask = 2147483647;
			files = (
			);
			runOnlyForDeploymentPostprocessing = 0;
		};
		355CFE03225904F200BB081A /* Frameworks */ = {
			isa = PBXFrameworksBuildPhase;
			buildActionMask = 2147483647;
			files = (
			);
			runOnlyForDeploymentPostprocessing = 0;
		};
/* End PBXFrameworksBuildPhase section */

/* Begin PBXGroup section */
		355CFDDA225904F100BB081A = {
			isa = PBXGroup;
			children = (
				355CFDE5225904F100BB081A /* MessageDispatch */,
				355CFDFE225904F200BB081A /* MessageDispatchTests */,
				355CFE09225904F200BB081A /* MessageDispatchUITests */,
				355CFDE4225904F100BB081A /* Products */,
			);
			sourceTree = "<group>";
		};
		355CFDE4225904F100BB081A /* Products */ = {
			isa = PBXGroup;
			children = (
				355CFDE3225904F100BB081A /* MessageDispatch.app */,
				355CFDFB225904F200BB081A /* MessageDispatchTests.xctest */,
				355CFE06225904F200BB081A /* MessageDispatchUITests.xctest */,
			);
			name = Products;
			sourceTree = "<group>";
		};
		355CFDE5225904F100BB081A /* MessageDispatch */ = {
			isa = PBXGroup;
			children = (
				355CFDE6225904F100BB081A /* AppDelegate.h */,
				355CFDE7225904F100BB081A /* AppDelegate.m */,
				355CFDE9225904F100BB081A /* ViewController.h */,
				355CFDEA225904F100BB081A /* ViewController.m */,
				355CFDEC225904F100BB081A /* Main.storyboard */,
				355CFDEF225904F200BB081A /* Assets.xcassets */,
				355CFDF1225904F200BB081A /* LaunchScreen.storyboard */,
				355CFDF4225904F200BB081A /* Info.plist */,
				355CFDF5225904F200BB081A /* main.m */,
				355CFE182259054100BB081A /* Person.h */,
				355CFE192259054100BB081A /* Person.m */,
			);
			path = MessageDispatch;
			sourceTree = "<group>";
		};
		355CFDFE225904F200BB081A /* MessageDispatchTests */ = {
			isa = PBXGroup;
			children = (
				355CFDFF225904F200BB081A /* MessageDispatchTests.m */,
				355CFE01225904F200BB081A /* Info.plist */,
			);
			path = MessageDispatchTests;
			sourceTree = "<group>";
		};
		355CFE09225904F200BB081A /* MessageDispatchUITests */ = {
			isa = PBXGroup;
			children = (
				355CFE0A225904F200BB081A /* MessageDispatchUITests.m */,
				355CFE0C225904F200BB081A /* Info.plist */,
			);
			path = MessageDispatchUITests;
			sourceTree = "<group>";
		};
/* End PBXGroup section */

/* Begin PBXNativeTarget section */
		355CFDE2225904F100BB081A /* MessageDispatch */ = {
			isa = PBXNativeTarget;
			buildConfigurationList = 355CFE0F225904F200BB081A /* Build configuration list for PBXNativeTarget "MessageDispatch" */;
			buildPhases = (
				355CFDDF225904F100BB081A /* Sources */,
				355CFDE0225904F100BB081A /* Frameworks */,
				355CFDE1225904F100BB081A /* Resources */,
			);
			buildRules = (
			);
			dependencies = (
			);
			name = MessageDispatch;
			productName = MessageDispatch;
			productReference = 355CFDE3225904F100BB081A /* MessageDispatch.app */;
			productType = "com.apple.product-type.application";
		};
		355CFDFA225904F200BB081A /* MessageDispatchTests */ = {
			isa = PBXNativeTarget;
			buildConfigurationList = 355CFE12225904F200BB081A /* Build configuration list for PBXNativeTarget "MessageDispatchTests" */;
			buildPhases = (
				355CFDF7225904F200BB081A /* Sources */,
				355CFDF8225904F200BB081A /* Frameworks */,
				355CFDF9225904F200BB081A /* Resources */,
			);
			buildRules = (
			);
			dependencies = (
				355CFDFD225904F200BB081A /* PBXTargetDependency */,
			);
			name = MessageDispatchTests;
			productName = MessageDispatchTests;
			productReference = 355CFDFB225904F200BB081A /* MessageDispatchTests.xctest */;
			productType = "com.apple.product-type.bundle.unit-test";
		};
		355CFE05225904F200BB081A /* MessageDispatchUITests */ = {
			isa = PBXNativeTarget;
			buildConfigurationList = 355CFE15225904F200BB081A /* Build configuration list for PBXNativeTarget "MessageDispatchUITests" */;
			buildPhases = (
				355CFE02225904F200BB081A /* Sources */,
				355CFE03225904F200BB081A /* Frameworks */,
				355CFE04225904F200BB081A /* Resources */,
			);
			buildRules = (
			);
			dependencies = (
				355CFE08225904F200BB081A /* PBXTargetDependency */,
			);
			name = MessageDispatchUITests;
			productName = MessageDispatchUITests;
			productReference = 355CFE06225904F200BB081A /* MessageDispatchUITests.xctest */;
			productType = "com.apple.product-type.bundle.ui-testing";
		};
/* End PBXNativeTarget section */

/* Begin PBXProject section */
		355CFDDB225904F100BB081A /* Project object */ = {
			isa = PBXProject;
			attributes = {
				LastUpgradeCheck = 1010;
				ORGANIZATIONNAME = "Hui Wang";
				TargetAttributes = {
					355CFDE2225904F100BB081A = {
						CreatedOnToolsVersion = 10.1;
					};
					355CFDFA225904F200BB081A = {
						CreatedOnToolsVersion = 10.1;
						TestTargetID = 355CFDE2225904F100BB081A;
					};
					355CFE05225904F200BB081A = {
						CreatedOnToolsVersion = 10.1;
						TestTargetID = 355CFDE2225904F100BB081A;
					};
				};
			};
			buildConfigurationList = 355CFDDE225904F100BB081A /* Build configuration list for PBXProject "MessageDispatch" */;
			compatibilityVersion = "Xcode 9.3";
			developmentRegion = en;
			hasScannedForEncodings = 0;
			knownRegions = (
				en,
				Base,
			);
			mainGroup = 355CFDDA225904F100BB081A;
			productRefGroup = 355CFDE4225904F100BB081A /* Products */;
			projectDirPath = "";
			projectRoot = "";
			targets = (
				355CFDE2225904F100BB081A /* MessageDispatch */,
				355CFDFA225904F200BB081A /* MessageDispatchTests */,
				355CFE05225904F200BB081A /* MessageDispatchUITests */,
			);
		};
/* End PBXProject section */

/* Begin PBXResourcesBuildPhase section */
		355CFDE1225904F100BB081A /* Resources */ = {
			isa = PBXResourcesBuildPhase;
			buildActionMask = 2147483647;
			files = (
				355CFDF3225904F200BB081A /* LaunchScreen.storyboard in Resources */,
				355CFDF0225904F200BB081A /* Assets.xcassets in Resources */,
				355CFDEE225904F100BB081A /* Main.storyboard in Resources */,
			);
			runOnlyForDeploymentPostprocessing = 0;
		};
		355CFDF9225904F200BB081A /* Resources */ = {
			isa = PBXResourcesBuildPhase;
			buildActionMask = 2147483647;
			files = (
			);
			runOnlyForDeploymentPostprocessing = 0;
		};
		355CFE04225904F200BB081A /* Resources */ = {
			isa = PBXResourcesBuildPhase;
			buildActionMask = 2147483647;
			files = (
			);
			runOnlyForDeploymentPostprocessing = 0;
		};
/* End PBXResourcesBuildPhase section */

/* Begin PBXSourcesBuildPhase section */
		355CFDDF225904F100BB081A /* Sources */ = {
			isa = PBXSourcesBuildPhase;
			buildActionMask = 2147483647;
			files = (
				355CFDEB225904F100BB081A /* ViewController.m in Sources */,
				355CFDF6225904F200BB081A /* main.m in Sources */,
				355CFE1A2259054100BB081A /* Person.m in Sources */,
				355CFDE8225904F100BB081A /* AppDelegate.m in Sources */,
			);
			runOnlyForDeploymentPostprocessing = 0;
		};
		355CFDF7225904F200BB081A /* Sources */ = {
			isa = PBXSourcesBuildPhase;
			buildActionMask = 2147483647;
			files = (
				355CFE00225904F200BB081A /* MessageDispatchTests.m in Sources */,
			);
			runOnlyForDeploymentPostprocessing = 0;
		};
		355CFE02225904F200BB081A /* Sources */ = {
			isa = PBXSourcesBuildPhase;
			buildActionMask = 2147483647;
			files = (
				355CFE0B225904F200BB081A /* MessageDispatchUITests.m in Sources */,
			);
			runOnlyForDeploymentPostprocessing = 0;
		};
/* End PBXSourcesBuildPhase section */

/* Begin PBXTargetDependency section */
		355CFDFD225904F200BB081A /* PBXTargetDependency */ = {
			isa = PBXTargetDependency;
			target = 355CFDE2225904F100BB081A /* MessageDispatch */;
			targetProxy = 355CFDFC225904F200BB081A /* PBXContainerItemProxy */;
		};
		355CFE08225904F200BB081A /* PBXTargetDependency */ = {
			isa = PBXTargetDependency;
			target = 355CFDE2225904F100BB081A /* MessageDispatch */;
			targetProxy = 355CFE07225904F200BB081A /* PBXContainerItemProxy */;
		};
/* End PBXTargetDependency section */

/* Begin PBXVariantGroup section */
		355CFDEC225904F100BB081A /* Main.storyboard */ = {
			isa = PBXVariantGroup;
			children = (
				355CFDED225904F100BB081A /* Base */,
			);
			name = Main.storyboard;
			sourceTree = "<group>";
		};
		355CFDF1225904F200BB081A /* LaunchScreen.storyboard */ = {
			isa = PBXVariantGroup;
			children = (
				355CFDF2225904F200BB081A /* Base */,
			);
			name = LaunchScreen.storyboard;
			sourceTree = "<group>";
		};
/* End PBXVariantGroup section */

/* Begin XCBuildConfiguration section */
		355CFE0D225904F200BB081A /* Debug */ = {
			isa = XCBuildConfiguration;
			buildSettings = {
				ALWAYS_SEARCH_USER_PATHS = NO;
				CLANG_ANALYZER_NONNULL = YES;
				CLANG_ANALYZER_NUMBER_OBJECT_CONVERSION = YES_AGGRESSIVE;
				CLANG_CXX_LANGUAGE_STANDARD = "gnu++14";
				CLANG_CXX_LIBRARY = "libc++";
				CLANG_ENABLE_MODULES = YES;
				CLANG_ENABLE_OBJC_ARC = YES;
				CLANG_ENABLE_OBJC_WEAK = YES;
				CLANG_WARN_BLOCK_CAPTURE_AUTORELEASING = YES;
				CLANG_WARN_BOOL_CONVERSION = YES;
				CLANG_WARN_COMMA = YES;
				CLANG_WARN_CONSTANT_CONVERSION = YES;
				CLANG_WARN_DEPRECATED_OBJC_IMPLEMENTATIONS = YES;
				CLANG_WARN_DIRECT_OBJC_ISA_USAGE = YES_ERROR;
				CLANG_WARN_DOCUMENTATION_COMMENTS = YES;
				CLANG_WARN_EMPTY_BODY = YES;
				CLANG_WARN_ENUM_CONVERSION = YES;
				CLANG_WARN_INFINITE_RECURSION = YES;
				CLANG_WARN_INT_CONVERSION = YES;
				CLANG_WARN_NON_LITERAL_NULL_CONVERSION = YES;
				CLANG_WARN_OBJC_IMPLICIT_RETAIN_SELF = YES;
				CLANG_WARN_OBJC_LITERAL_CONVERSION = YES;
				CLANG_WARN_OBJC_ROOT_CLASS = YES_ERROR;
				CLANG_WARN_RANGE_LOOP_ANALYSIS = YES;
				CLANG_WARN_STRICT_PROTOTYPES = YES;
				CLANG_WARN_SUSPICIOUS_MOVE = YES;
				CLANG_WARN_UNGUARDED_AVAILABILITY = YES_AGGRESSIVE;
				CLANG_WARN_UNREACHABLE_CODE = YES;
				CLANG_WARN__DUPLICATE_METHOD_MATCH = YES;
				CODE_SIGN_IDENTITY = "iPhone Developer";
				COPY_PHASE_STRIP = NO;
				DEBUG_INFORMATION_FORMAT = dwarf;
				ENABLE_STRICT_OBJC_MSGSEND = YES;
				ENABLE_TESTABILITY = YES;
				GCC_C_LANGUAGE_STANDARD = gnu11;
				GCC_DYNAMIC_NO_PIC = NO;
				GCC_NO_COMMON_BLOCKS = YES;
				GCC_OPTIMIZATION_LEVEL = 0;
				GCC_PREPROCESSOR_DEFINITIONS = (
					"DEBUG=1",
					"$(inherited)",
				);
				GCC_WARN_64_TO_32_BIT_CONVERSION = YES;
				GCC_WARN_ABOUT_RETURN_TYPE = YES_ERROR;
				GCC_WARN_UNDECLARED_SELECTOR = YES;
				GCC_WARN_UNINITIALIZED_AUTOS = YES_AGGRESSIVE;
				GCC_WARN_UNUSED_FUNCTION = YES;
				GCC_WARN_UNUSED_VARIABLE = YES;
				IPHONEOS_DEPLOYMENT_TARGET = 12.1;
				MTL_ENABLE_DEBUG_INFO = INCLUDE_SOURCE;
				MTL_FAST_MATH = YES;
				ONLY_ACTIVE_ARCH = YES;
				SDKROOT = iphoneos;
			};
			name = Debug;
		};
		355CFE0E225904F200BB081A /* Release */ = {
			isa = XCBuildConfiguration;
			buildSettings = {
				ALWAYS_SEARCH_USER_PATHS = NO;
				CLANG_ANALYZER_NONNULL = YES;
				CLANG_ANALYZER_NUMBER_OBJECT_CONVERSION = YES_AGGRESSIVE;
				CLANG_CXX_LANGUAGE_STANDARD = "gnu++14";
				CLANG_CXX_LIBRARY = "libc++";
				CLANG_ENABLE_MODULES = YES;
				CLANG_ENABLE_OBJC_ARC = YES;
				CLANG_ENABLE_OBJC_WEAK = YES;
				CLANG_WARN_BLOCK_CAPTURE_AUTORELEASING = YES;
				CLANG_WARN_BOOL_CONVERSION = YES;
				CLANG_WARN_COMMA = YES;
				CLANG_WARN_CONSTANT_CONVERSION = YES;
				CLANG_WARN_DEPRECATED_OBJC_IMPLEMENTATIONS = YES;
				CLANG_WARN_DIRECT_OBJC_ISA_USAGE = YES_ERROR;
				CLANG_WARN_DOCUMENTATION_COMMENTS = YES;
				CLANG_WARN_EMPTY_BODY = YES;
				CLANG_WARN_ENUM_CONVERSION = YES;
				CLANG_WARN_INFINITE_RECURSION = YES;
				CLANG_WARN_INT_CONVERSION = YES;
				CLANG_WARN_NON_LITERAL_NULL_CONVERSION = YES;
				CLANG_WARN_OBJC_IMPLICIT_RETAIN_SELF = YES;
				CLANG_WARN_OBJC_LITERAL_CONVERSION = YES;
				CLANG_WARN_OBJC_ROOT_CLASS = YES_ERROR;
				CLANG_WARN_RANGE_LOOP_ANALYSIS = YES;
				CLANG_WARN_STRICT_PROTOTYPES = YES;
				CLANG_WARN_SUSPICIOUS_MOVE = YES;
				CLANG_WARN_UNGUARDED_AVAILABILITY = YES_AGGRESSIVE;
				CLANG_WARN_UNREACHABLE_CODE = YES;
				CLANG_WARN__DUPLICATE_METHOD_MATCH = YES;
				CODE_SIGN_IDENTITY = "iPhone Developer";
				COPY_PHASE_STRIP = NO;
				DEBUG_INFORMATION_FORMAT = "dwarf-with-dsym";
				ENABLE_NS_ASSERTIONS = NO;
				ENABLE_STRICT_OBJC_MSGSEND = YES;
				GCC_C_LANGUAGE_STANDARD = gnu11;
				GCC_NO_COMMON_BLOCKS = YES;
				GCC_WARN_64_TO_32_BIT_CONVERSION = YES;
				GCC_WARN_ABOUT_RETURN_TYPE = YES_ERROR;
				GCC_WARN_UNDECLARED_SELECTOR = YES;
				GCC_WARN_UNINITIALIZED_AUTOS = YES_AGGRESSIVE;
				GCC_WARN_UNUSED_FUNCTION = YES;
				GCC_WARN_UNUSED_VARIABLE = YES;
				IPHONEOS_DEPLOYMENT_TARGET = 12.1;
				MTL_ENABLE_DEBUG_INFO = NO;
				MTL_FAST_MATH = YES;
				SDKROOT = iphoneos;
				VALIDATE_PRODUCT = YES;
			};
			name = Release;
		};
		355CFE10225904F200BB081A /* Debug */ = {
			isa = XCBuildConfiguration;
			buildSettings = {
				ASSETCATALOG_COMPILER_APPICON_NAME = AppIcon;
				CODE_SIGN_STYLE = Automatic;
				ENABLE_STRICT_OBJC_MSGSEND = NO;
				INFOPLIST_FILE = MessageDispatch/Info.plist;
				LD_RUNPATH_SEARCH_PATHS = (
					"$(inherited)",
					"@executable_path/Frameworks",
				);
				PRODUCT_BUNDLE_IDENTIFIER = com.huiwang.MessageDispatch;
				PRODUCT_NAME = "$(TARGET_NAME)";
				TARGETED_DEVICE_FAMILY = "1,2";
			};
			name = Debug;
		};
		355CFE11225904F200BB081A /* Release */ = {
			isa = XCBuildConfiguration;
			buildSettings = {
				ASSETCATALOG_COMPILER_APPICON_NAME = AppIcon;
				CODE_SIGN_STYLE = Automatic;
				ENABLE_STRICT_OBJC_MSGSEND = NO;
				INFOPLIST_FILE = MessageDispatch/Info.plist;
				LD_RUNPATH_SEARCH_PATHS = (
					"$(inherited)",
					"@executable_path/Frameworks",
				);
				PRODUCT_BUNDLE_IDENTIFIER = com.huiwang.MessageDispatch;
				PRODUCT_NAME = "$(TARGET_NAME)";
				TARGETED_DEVICE_FAMILY = "1,2";
			};
			name = Release;
		};
		355CFE13225904F200BB081A /* Debug */ = {
			isa = XCBuildConfiguration;
			buildSettings = {
				BUNDLE_LOADER = "$(TEST_HOST)";
				CODE_SIGN_STYLE = Automatic;
				INFOPLIST_FILE = MessageDispatchTests/Info.plist;
				LD_RUNPATH_SEARCH_PATHS = (
					"$(inherited)",
					"@executable_path/Frameworks",
					"@loader_path/Frameworks",
				);
				PRODUCT_BUNDLE_IDENTIFIER = com.huiwang.MessageDispatchTests;
				PRODUCT_NAME = "$(TARGET_NAME)";
				TARGETED_DEVICE_FAMILY = "1,2";
				TEST_HOST = "$(BUILT_PRODUCTS_DIR)/MessageDispatch.app/MessageDispatch";
			};
			name = Debug;
		};
		355CFE14225904F200BB081A /* Release */ = {
			isa = XCBuildConfiguration;
			buildSettings = {
				BUNDLE_LOADER = "$(TEST_HOST)";
				CODE_SIGN_STYLE = Automatic;
				INFOPLIST_FILE = MessageDispatchTests/Info.plist;
				LD_RUNPATH_SEARCH_PATHS = (
					"$(inherited)",
					"@executable_path/Frameworks",
					"@loader_path/Frameworks",
				);
				PRODUCT_BUNDLE_IDENTIFIER = com.huiwang.MessageDispatchTests;
				PRODUCT_NAME = "$(TARGET_NAME)";
				TARGETED_DEVICE_FAMILY = "1,2";
				TEST_HOST = "$(BUILT_PRODUCTS_DIR)/MessageDispatch.app/MessageDispatch";
			};
			name = Release;
		};
		355CFE16225904F200BB081A /* Debug */ = {
			isa = XCBuildConfiguration;
			buildSettings = {
				CODE_SIGN_STYLE = Automatic;
				INFOPLIST_FILE = MessageDispatchUITests/Info.plist;
				LD_RUNPATH_SEARCH_PATHS = (
					"$(inherited)",
					"@executable_path/Frameworks",
					"@loader_path/Frameworks",
				);
				PRODUCT_BUNDLE_IDENTIFIER = com.huiwang.MessageDispatchUITests;
				PRODUCT_NAME = "$(TARGET_NAME)";
				TARGETED_DEVICE_FAMILY = "1,2";
				TEST_TARGET_NAME = MessageDispatch;
			};
			name = Debug;
		};
		355CFE17225904F200BB081A /* Release */ = {
			isa = XCBuildConfiguration;
			buildSettings = {
				CODE_SIGN_STYLE = Automatic;
				INFOPLIST_FILE = MessageDispatchUITests/Info.plist;
				LD_RUNPATH_SEARCH_PATHS = (
					"$(inherited)",
					"@executable_path/Frameworks",
					"@loader_path/Frameworks",
				);
				PRODUCT_BUNDLE_IDENTIFIER = com.huiwang.MessageDispatchUITests;
				PRODUCT_NAME = "$(TARGET_NAME)";
				TARGETED_DEVICE_FAMILY = "1,2";
				TEST_TARGET_NAME = MessageDispatch;
			};
			name = Release;
		};
/* End XCBuildConfiguration section */

/* Begin XCConfigurationList section */
		355CFDDE225904F100BB081A /* Build configuration list for PBXProject "MessageDispatch" */ = {
			isa = XCConfigurationList;
			buildConfigurations = (
				355CFE0D225904F200BB081A /* Debug */,
				355CFE0E225904F200BB081A /* Release */,
			);
			defaultConfigurationIsVisible = 0;
			defaultConfigurationName = Release;
		};
		355CFE0F225904F200BB081A /* Build configuration list for PBXNativeTarget "MessageDispatch" */ = {
			isa = XCConfigurationList;
			buildConfigurations = (
				355CFE10225904F200BB081A /* Debug */,
				355CFE11225904F200BB081A /* Release */,
			);
			defaultConfigurationIsVisible = 0;
			defaultConfigurationName = Release;
		};
		355CFE12225904F200BB081A /* Build configuration list for PBXNativeTarget "MessageDispatchTests" */ = {
			isa = XCConfigurationList;
			buildConfigurations = (
				355CFE13225904F200BB081A /* Debug */,
				355CFE14225904F200BB081A /* Release */,
			);
			defaultConfigurationIsVisible = 0;
			defaultConfigurationName = Release;
		};
		355CFE15225904F200BB081A /* Build configuration list for PBXNativeTarget "MessageDispatchUITests" */ = {
			isa = XCConfigurationList;
			buildConfigurations = (
				355CFE16225904F200BB081A /* Debug */,
				355CFE17225904F200BB081A /* Release */,
			);
			defaultConfigurationIsVisible = 0;
			defaultConfigurationName = Release;
		};
/* End XCConfigurationList section */
	};
	rootObject = 355CFDDB225904F100BB081A /* Project object */;
}
